
Microsoft Visual Studio Solution File, Format Version 12.00
# Visual Studio Version 17
VisualStudioVersion = 17.9.34728.123
MinimumVisualStudioVersion = 10.0.40219.1
Project("{FAE04EC0-301F-11D3-BF4B-00C04F79EFBC}") = "Template", "Template.csproj", "{92BDFB9B-5C03-4BFD-A017-3DF69D7025CF}"
EndProject
Global
	GlobalSection(SolutionConfigurationPlatforms) = preSolution
		Debug|Any CPU = Debug|Any CPU
		Release|Any CPU = Release|Any CPU
	EndGlobalSection
	GlobalSection(ProjectConfigurationPlatforms) = postSolution
		{92BDFB9B-5C03-4BFD-A017-3DF69D7025CF}.Debug|Any CPU.ActiveCfg = Debug|Any CPU
		{92BDFB9B-5C03-4BFD-A017-3DF69D7025CF}.Debug|Any CPU.Build.0 = Debug|Any CPU
		{92BDFB9B-5C03-4BFD-A017-3DF69D7025CF}.Release|Any CPU.ActiveCfg = Release|Any CPU
		{92BDFB9B-5C03-4BFD-A017-3DF69D7025CF}.Release|Any CPU.Build.0 = Release|Any CPU
	EndGlobalSection
	GlobalSection(SolutionProperties) = preSolution
		HideSolutionNode = FALSE
	EndGlobalSection
	GlobalSection(ExtensibilityGlobals) = postSolution
		SolutionGuid = {F9B3DC5A-1563-46CE-A061-324691DF45A5}
	EndGlobalSection
EndGlobal
